
Microsoft Visual Studio Solution File, Format Version 12.00
# Visual Studio Version 17
VisualStudioVersion = 17.2.32630.192
MinimumVisualStudioVersion = 10.0.40219.1
Project("{FAE04EC0-301F-11D3-BF4B-00C04F79EFBC}") = "BlogAPI", "BlogAPI\BlogAPI.csproj", "{AFEB04EE-F3B6-4B80-8F44-572F96F8683D}"
EndProject
Project("{FAE04EC0-301F-11D3-BF4B-00C04F79EFBC}") = "BlogTeste", "BlogTeste\BlogTeste.csproj", "{A6FB58AA-1680-478A-BDC7-B4C9EF8F7DBC}"
EndProject
Global
	GlobalSection(SolutionConfigurationPlatforms) = preSolution
		Debug|Any CPU = Debug|Any CPU
		Release|Any CPU = Release|Any CPU
	EndGlobalSection
	GlobalSection(ProjectConfigurationPlatforms) = postSolution
		{AFEB04EE-F3B6-4B80-8F44-572F96F8683D}.Debug|Any CPU.ActiveCfg = Debug|Any CPU
		{AFEB04EE-F3B6-4B80-8F44-572F96F8683D}.Debug|Any CPU.Build.0 = Debug|Any CPU
		{AFEB04EE-F3B6-4B80-8F44-572F96F8683D}.Release|Any CPU.ActiveCfg = Release|Any CPU
		{AFEB04EE-F3B6-4B80-8F44-572F96F8683D}.Release|Any CPU.Build.0 = Release|Any CPU
		{A6FB58AA-1680-478A-BDC7-B4C9EF8F7DBC}.Debug|Any CPU.ActiveCfg = Debug|Any CPU
		{A6FB58AA-1680-478A-BDC7-B4C9EF8F7DBC}.Debug|Any CPU.Build.0 = Debug|Any CPU
		{A6FB58AA-1680-478A-BDC7-B4C9EF8F7DBC}.Release|Any CPU.ActiveCfg = Release|Any CPU
		{A6FB58AA-1680-478A-BDC7-B4C9EF8F7DBC}.Release|Any CPU.Build.0 = Release|Any CPU
	EndGlobalSection
	GlobalSection(SolutionProperties) = preSolution
		HideSolutionNode = FALSE
	EndGlobalSection
	GlobalSection(ExtensibilityGlobals) = postSolution
		SolutionGuid = {C75F36C8-9EAC-4D77-BCB6-1474C431252F}
	EndGlobalSection
EndGlobal
